// !$*UTF8*$!
{
	archiveVersion = 1;
	classes = {
	};
	objectVersion = 50;
	objects = {

/* Begin PBXBuildFile section */
		1842156C2289C00D00B17333 /* Logo2-178x170.png in Resources */ = {isa = PBXBuildFile; fileRef = 1842156B2289C00D00B17333 /* Logo2-178x170.png */; };
		1842156E2289C80A00B17333 /* Assets.xcassets in Resources */ = {isa = PBXBuildFile; fileRef = 1842156D2289C80A00B17333 /* Assets.xcassets */; };
		186A0A4A225CB4B4007711FA /* SimilarComicModel.swift in Sources */ = {isa = PBXBuildFile; fileRef = 186A0A49225CB4B4007711FA /* SimilarComicModel.swift */; };
		186A0A4C225CD52A007711FA /* FavoriteComicModel.swift in Sources */ = {isa = PBXBuildFile; fileRef = 186A0A4B225CD52A007711FA /* FavoriteComicModel.swift */; };
		187A00C422AA120A00E50904 /* ReviewTBViewCell.swift in Sources */ = {isa = PBXBuildFile; fileRef = 187A00C222AA120A00E50904 /* ReviewTBViewCell.swift */; };
		187A00C722AAC84E00E50904 /* ImgComicViewCell.swift in Sources */ = {isa = PBXBuildFile; fileRef = 187A00C622AAC84E00E50904 /* ImgComicViewCell.swift */; };
		1887FD89223BDFB200AA0282 /* InfoComicModel.swift in Sources */ = {isa = PBXBuildFile; fileRef = 1887FD88223BDFB200AA0282 /* InfoComicModel.swift */; };
		18910FF62241026700E913C1 /* IssueModel.swift in Sources */ = {isa = PBXBuildFile; fileRef = 18910FF52241026700E913C1 /* IssueModel.swift */; };
		1898ED5E2240980E001BA577 /* PageReadingViewController.swift in Sources */ = {isa = PBXBuildFile; fileRef = 1898ED5C2240980E001BA577 /* PageReadingViewController.swift */; };
		1898ED5F2240980E001BA577 /* PageReadingView.xib in Resources */ = {isa = PBXBuildFile; fileRef = 1898ED5D2240980E001BA577 /* PageReadingView.xib */; };
		18B1648622A767300029683B /* BaseCLCell.swift in Sources */ = {isa = PBXBuildFile; fileRef = 18B1648522A767300029683B /* BaseCLCell.swift */; };
		18B1648822A767C10029683B /* BaseTBCell.swift in Sources */ = {isa = PBXBuildFile; fileRef = 18B1648722A767C10029683B /* BaseTBCell.swift */; };
		18B1648A22A7737F0029683B /* FavoriteModel.swift in Sources */ = {isa = PBXBuildFile; fileRef = 18B1648922A7737F0029683B /* FavoriteModel.swift */; };
		18B1648C22A7739D0029683B /* RatingModel.swift in Sources */ = {isa = PBXBuildFile; fileRef = 18B1648B22A7739D0029683B /* RatingModel.swift */; };
		18B1648E22A773B90029683B /* CommentModel.swift in Sources */ = {isa = PBXBuildFile; fileRef = 18B1648D22A773B90029683B /* CommentModel.swift */; };
		18B1649022A78D340029683B /* ComicModel.swift in Sources */ = {isa = PBXBuildFile; fileRef = 18B1648F22A78D340029683B /* ComicModel.swift */; };
		18B1649222A7B1940029683B /* ImgComicView.swift in Sources */ = {isa = PBXBuildFile; fileRef = 18B1649122A7B1940029683B /* ImgComicView.swift */; };
		18B1649622A7EA0D0029683B /* HomeCLViewCell.swift in Sources */ = {isa = PBXBuildFile; fileRef = 18B1649522A7EA0D0029683B /* HomeCLViewCell.swift */; };
		18B1649822A817360029683B /* HomeViewController2.swift in Sources */ = {isa = PBXBuildFile; fileRef = 18B1649722A817360029683B /* HomeViewController2.swift */; };
		18B1649D22A822840029683B /* HomeTBViewCell.swift in Sources */ = {isa = PBXBuildFile; fileRef = 18B1649B22A822840029683B /* HomeTBViewCell.swift */; };
		18B20D62226C964900A38B1E /* ListVC.swift in Sources */ = {isa = PBXBuildFile; fileRef = 18B20D60226C964900A38B1E /* ListVC.swift */; };
		18B5349F22A8B31A004825BD /* InfoComicModel2.swift in Sources */ = {isa = PBXBuildFile; fileRef = 18B5349E22A8B31A004825BD /* InfoComicModel2.swift */; };
		18B534A122A8BC30004825BD /* RealmManager.swift in Sources */ = {isa = PBXBuildFile; fileRef = 18B534A022A8BC30004825BD /* RealmManager.swift */; };
		18B727FB229B9D48006A8B19 /* LoginViewController.swift in Sources */ = {isa = PBXBuildFile; fileRef = 18B727FA229B9D48006A8B19 /* LoginViewController.swift */; };
		18B727FF229BCE9D006A8B19 /* BaseTxf.swift in Sources */ = {isa = PBXBuildFile; fileRef = 18B727FE229BCE9D006A8B19 /* BaseTxf.swift */; };
		18B72801229C244F006A8B19 /* AccountModel.swift in Sources */ = {isa = PBXBuildFile; fileRef = 18B72800229C244F006A8B19 /* AccountModel.swift */; };
		18B72803229C3163006A8B19 /* Gif-Swift.swift in Sources */ = {isa = PBXBuildFile; fileRef = 18B72802229C3163006A8B19 /* Gif-Swift.swift */; };
		18B72805229C4156006A8B19 /* SignupViewController.swift in Sources */ = {isa = PBXBuildFile; fileRef = 18B72804229C4156006A8B19 /* SignupViewController.swift */; };
		18B73FE12249D5A000402EFD /* SearchModel.swift in Sources */ = {isa = PBXBuildFile; fileRef = 18B73FE02249D5A000402EFD /* SearchModel.swift */; };
		18B8D22D224870F900E3C886 /* superman.gif in Resources */ = {isa = PBXBuildFile; fileRef = 18B8D22C224870F800E3C886 /* superman.gif */; };
		18BE73EA22A94D6900097671 /* ComicViewController.swift in Sources */ = {isa = PBXBuildFile; fileRef = 18BE73E922A94D6900097671 /* ComicViewController.swift */; };
		18BE73EC22A9561A00097671 /* SummaryComicTBViewCell.swift in Sources */ = {isa = PBXBuildFile; fileRef = 18BE73EB22A9561A00097671 /* SummaryComicTBViewCell.swift */; };
		18BE73EE22A95BDE00097671 /* InfoComicTBViewCell.swift in Sources */ = {isa = PBXBuildFile; fileRef = 18BE73ED22A95BDE00097671 /* InfoComicTBViewCell.swift */; };
		18BE73F122A962D500097671 /* LineInfoComicTBViewCell.swift in Sources */ = {isa = PBXBuildFile; fileRef = 18BE73EF22A962D500097671 /* LineInfoComicTBViewCell.swift */; };
		18BE73F422A96D9800097671 /* LineInfoComicModel.swift in Sources */ = {isa = PBXBuildFile; fileRef = 18BE73F322A96D9800097671 /* LineInfoComicModel.swift */; };
		18C6EBE622ABABCF0031AFFE /* TopComicTBViewCell.swift in Sources */ = {isa = PBXBuildFile; fileRef = 18C6EBE522ABABCF0031AFFE /* TopComicTBViewCell.swift */; };
		18C85A72223E48FC00CF45AE /* IssueReading.swift in Sources */ = {isa = PBXBuildFile; fileRef = 18C85A70223E48FC00CF45AE /* IssueReading.swift */; };
		18CC108522A8F316006F58F0 /* LstComicTBViewController.swift in Sources */ = {isa = PBXBuildFile; fileRef = 18CC108422A8F316006F58F0 /* LstComicTBViewController.swift */; };
		18CC108722A8F402006F58F0 /* ImgComicTBViewCell.swift in Sources */ = {isa = PBXBuildFile; fileRef = 18CC108622A8F402006F58F0 /* ImgComicTBViewCell.swift */; };
		18E4F118223CF82500604154 /* InfoViewController.swift in Sources */ = {isa = PBXBuildFile; fileRef = 18E4F116223CF82500604154 /* InfoViewController.swift */; };
		18E4F119223CF82500604154 /* InfoView.xib in Resources */ = {isa = PBXBuildFile; fileRef = 18E4F117223CF82500604154 /* InfoView.xib */; };
		18EC39E92247A13B00E83E36 /* LoadView.xib in Resources */ = {isa = PBXBuildFile; fileRef = 18EC39E82247A13B00E83E36 /* LoadView.xib */; };
		3D8E3B41A574F250B02CB6D7 /* Pods_project2.framework in Frameworks */ = {isa = PBXBuildFile; fileRef = CA5311B910552FBE623C64B8 /* Pods_project2.framework */; };
		40021C4722A8F9E300796BC1 /* LoadView.swift in Sources */ = {isa = PBXBuildFile; fileRef = 40021C4622A8F9E300796BC1 /* LoadView.swift */; };
		406302F922369E88002BB8DE /* HomeTableViewCell.swift in Sources */ = {isa = PBXBuildFile; fileRef = 406302F722369E88002BB8DE /* HomeTableViewCell.swift */; };
		406302FA22369E88002BB8DE /* HomeTableViewCell.xib in Resources */ = {isa = PBXBuildFile; fileRef = 406302F822369E88002BB8DE /* HomeTableViewCell.xib */; };
		406302FD2236A033002BB8DE /* HomeCollectionViewCell.swift in Sources */ = {isa = PBXBuildFile; fileRef = 406302FB2236A033002BB8DE /* HomeCollectionViewCell.swift */; };
		406302FE2236A033002BB8DE /* HomeCollectionViewCell.xib in Resources */ = {isa = PBXBuildFile; fileRef = 406302FC2236A033002BB8DE /* HomeCollectionViewCell.xib */; };
		406303012236A2FC002BB8DE /* ComicAPIManager.swift in Sources */ = {isa = PBXBuildFile; fileRef = 406303002236A2FC002BB8DE /* ComicAPIManager.swift */; };
		406303042236A3EC002BB8DE /* Constants.swift in Sources */ = {isa = PBXBuildFile; fileRef = 406303032236A3EC002BB8DE /* Constants.swift */; };
		406303072236A650002BB8DE /* HomeModel.swift in Sources */ = {isa = PBXBuildFile; fileRef = 406303062236A650002BB8DE /* HomeModel.swift */; };
		406B4A5F2236954600568555 /* AppDelegate.swift in Sources */ = {isa = PBXBuildFile; fileRef = 406B4A5E2236954600568555 /* AppDelegate.swift */; };
		406B4A612236954600568555 /* HomeViewController.swift in Sources */ = {isa = PBXBuildFile; fileRef = 406B4A602236954600568555 /* HomeViewController.swift */; };
		406B4A692236954700568555 /* LaunchScreen.storyboard in Resources */ = {isa = PBXBuildFile; fileRef = 406B4A672236954700568555 /* LaunchScreen.storyboard */; };
		406B4A922236996C00568555 /* HomeView.xib in Resources */ = {isa = PBXBuildFile; fileRef = 406B4A912236996C00568555 /* HomeView.xib */; };
		406B4A9522369AFA00568555 /* SearchViewController.swift in Sources */ = {isa = PBXBuildFile; fileRef = 406B4A9322369AFA00568555 /* SearchViewController.swift */; };
		406B4A9622369AFA00568555 /* SearchView.xib in Resources */ = {isa = PBXBuildFile; fileRef = 406B4A9422369AFA00568555 /* SearchView.xib */; };
/* End PBXBuildFile section */

/* Begin PBXFileReference section */
		1470D02B2F4DC144DF4D9801 /* Pods-project2Tests.release.xcconfig */ = {isa = PBXFileReference; includeInIndex = 1; lastKnownFileType = text.xcconfig; name = "Pods-project2Tests.release.xcconfig"; path = "Pods/Target Support Files/Pods-project2Tests/Pods-project2Tests.release.xcconfig"; sourceTree = "<group>"; };
		1842156B2289C00D00B17333 /* Logo2-178x170.png */ = {isa = PBXFileReference; lastKnownFileType = image.png; path = "Logo2-178x170.png"; sourceTree = "<group>"; };
		1842156D2289C80A00B17333 /* Assets.xcassets */ = {isa = PBXFileReference; lastKnownFileType = folder.assetcatalog; path = Assets.xcassets; sourceTree = "<group>"; };
		186A0A49225CB4B4007711FA /* SimilarComicModel.swift */ = {isa = PBXFileReference; lastKnownFileType = sourcecode.swift; path = SimilarComicModel.swift; sourceTree = "<group>"; };
		186A0A4B225CD52A007711FA /* FavoriteComicModel.swift */ = {isa = PBXFileReference; lastKnownFileType = sourcecode.swift; path = FavoriteComicModel.swift; sourceTree = "<group>"; };
		187A00C222AA120A00E50904 /* ReviewTBViewCell.swift */ = {isa = PBXFileReference; lastKnownFileType = sourcecode.swift; path = ReviewTBViewCell.swift; sourceTree = "<group>"; };
		187A00C622AAC84E00E50904 /* ImgComicViewCell.swift */ = {isa = PBXFileReference; lastKnownFileType = sourcecode.swift; path = ImgComicViewCell.swift; sourceTree = "<group>"; };
		1887FD88223BDFB200AA0282 /* InfoComicModel.swift */ = {isa = PBXFileReference; lastKnownFileType = sourcecode.swift; path = InfoComicModel.swift; sourceTree = "<group>"; };
		18910FF52241026700E913C1 /* IssueModel.swift */ = {isa = PBXFileReference; lastKnownFileType = sourcecode.swift; path = IssueModel.swift; sourceTree = "<group>"; };
		1898ED5C2240980E001BA577 /* PageReadingViewController.swift */ = {isa = PBXFileReference; lastKnownFileType = sourcecode.swift; path = PageReadingViewController.swift; sourceTree = "<group>"; };
		1898ED5D2240980E001BA577 /* PageReadingView.xib */ = {isa = PBXFileReference; lastKnownFileType = file.xib; path = PageReadingView.xib; sourceTree = "<group>"; };
		18B1648522A767300029683B /* BaseCLCell.swift */ = {isa = PBXFileReference; lastKnownFileType = sourcecode.swift; path = BaseCLCell.swift; sourceTree = "<group>"; };
		18B1648722A767C10029683B /* BaseTBCell.swift */ = {isa = PBXFileReference; lastKnownFileType = sourcecode.swift; path = BaseTBCell.swift; sourceTree = "<group>"; };
		18B1648922A7737F0029683B /* FavoriteModel.swift */ = {isa = PBXFileReference; lastKnownFileType = sourcecode.swift; path = FavoriteModel.swift; sourceTree = "<group>"; };
		18B1648B22A7739D0029683B /* RatingModel.swift */ = {isa = PBXFileReference; lastKnownFileType = sourcecode.swift; path = RatingModel.swift; sourceTree = "<group>"; };
		18B1648D22A773B90029683B /* CommentModel.swift */ = {isa = PBXFileReference; lastKnownFileType = sourcecode.swift; path = CommentModel.swift; sourceTree = "<group>"; };
		18B1648F22A78D340029683B /* ComicModel.swift */ = {isa = PBXFileReference; lastKnownFileType = sourcecode.swift; path = ComicModel.swift; sourceTree = "<group>"; };
		18B1649122A7B1940029683B /* ImgComicView.swift */ = {isa = PBXFileReference; lastKnownFileType = sourcecode.swift; path = ImgComicView.swift; sourceTree = "<group>"; };
		18B1649522A7EA0D0029683B /* HomeCLViewCell.swift */ = {isa = PBXFileReference; lastKnownFileType = sourcecode.swift; path = HomeCLViewCell.swift; sourceTree = "<group>"; };
		18B1649722A817360029683B /* HomeViewController2.swift */ = {isa = PBXFileReference; lastKnownFileType = sourcecode.swift; path = HomeViewController2.swift; sourceTree = "<group>"; };
		18B1649B22A822840029683B /* HomeTBViewCell.swift */ = {isa = PBXFileReference; lastKnownFileType = sourcecode.swift; path = HomeTBViewCell.swift; sourceTree = "<group>"; };
		18B20D60226C964900A38B1E /* ListVC.swift */ = {isa = PBXFileReference; lastKnownFileType = sourcecode.swift; path = ListVC.swift; sourceTree = "<group>"; };
		18B5349E22A8B31A004825BD /* InfoComicModel2.swift */ = {isa = PBXFileReference; lastKnownFileType = sourcecode.swift; path = InfoComicModel2.swift; sourceTree = "<group>"; };
		18B534A022A8BC30004825BD /* RealmManager.swift */ = {isa = PBXFileReference; lastKnownFileType = sourcecode.swift; path = RealmManager.swift; sourceTree = "<group>"; };
		18B727FA229B9D48006A8B19 /* LoginViewController.swift */ = {isa = PBXFileReference; lastKnownFileType = sourcecode.swift; path = LoginViewController.swift; sourceTree = "<group>"; };
		18B727FE229BCE9D006A8B19 /* BaseTxf.swift */ = {isa = PBXFileReference; lastKnownFileType = sourcecode.swift; path = BaseTxf.swift; sourceTree = "<group>"; };
		18B72800229C244F006A8B19 /* AccountModel.swift */ = {isa = PBXFileReference; lastKnownFileType = sourcecode.swift; path = AccountModel.swift; sourceTree = "<group>"; };
		18B72802229C3163006A8B19 /* Gif-Swift.swift */ = {isa = PBXFileReference; lastKnownFileType = sourcecode.swift; path = "Gif-Swift.swift"; sourceTree = "<group>"; };
		18B72804229C4156006A8B19 /* SignupViewController.swift */ = {isa = PBXFileReference; lastKnownFileType = sourcecode.swift; path = SignupViewController.swift; sourceTree = "<group>"; };
		18B73FE02249D5A000402EFD /* SearchModel.swift */ = {isa = PBXFileReference; lastKnownFileType = sourcecode.swift; path = SearchModel.swift; sourceTree = "<group>"; };
		18B8D22C224870F800E3C886 /* superman.gif */ = {isa = PBXFileReference; lastKnownFileType = image.gif; path = superman.gif; sourceTree = "<group>"; };
		18BE73E922A94D6900097671 /* ComicViewController.swift */ = {isa = PBXFileReference; lastKnownFileType = sourcecode.swift; name = ComicViewController.swift; path = project2/Classes/Controllers2/ComicViewController.swift; sourceTree = SOURCE_ROOT; };
		18BE73EB22A9561A00097671 /* SummaryComicTBViewCell.swift */ = {isa = PBXFileReference; lastKnownFileType = sourcecode.swift; path = SummaryComicTBViewCell.swift; sourceTree = "<group>"; };
		18BE73ED22A95BDE00097671 /* InfoComicTBViewCell.swift */ = {isa = PBXFileReference; lastKnownFileType = sourcecode.swift; path = InfoComicTBViewCell.swift; sourceTree = "<group>"; };
		18BE73EF22A962D500097671 /* LineInfoComicTBViewCell.swift */ = {isa = PBXFileReference; lastKnownFileType = sourcecode.swift; path = LineInfoComicTBViewCell.swift; sourceTree = "<group>"; };
		18BE73F322A96D9800097671 /* LineInfoComicModel.swift */ = {isa = PBXFileReference; lastKnownFileType = sourcecode.swift; path = LineInfoComicModel.swift; sourceTree = "<group>"; };
		18C6EBE522ABABCF0031AFFE /* TopComicTBViewCell.swift */ = {isa = PBXFileReference; lastKnownFileType = sourcecode.swift; path = TopComicTBViewCell.swift; sourceTree = "<group>"; };
		18C85A70223E48FC00CF45AE /* IssueReading.swift */ = {isa = PBXFileReference; lastKnownFileType = sourcecode.swift; path = IssueReading.swift; sourceTree = "<group>"; };
		18CC108422A8F316006F58F0 /* LstComicTBViewController.swift */ = {isa = PBXFileReference; lastKnownFileType = sourcecode.swift; path = LstComicTBViewController.swift; sourceTree = "<group>"; };
		18CC108622A8F402006F58F0 /* ImgComicTBViewCell.swift */ = {isa = PBXFileReference; lastKnownFileType = sourcecode.swift; path = ImgComicTBViewCell.swift; sourceTree = "<group>"; };
		18E4F116223CF82500604154 /* InfoViewController.swift */ = {isa = PBXFileReference; lastKnownFileType = sourcecode.swift; path = InfoViewController.swift; sourceTree = "<group>"; };
		18E4F117223CF82500604154 /* InfoView.xib */ = {isa = PBXFileReference; lastKnownFileType = file.xib; path = InfoView.xib; sourceTree = "<group>"; };
		18EC39E82247A13B00E83E36 /* LoadView.xib */ = {isa = PBXFileReference; lastKnownFileType = file.xib; path = LoadView.xib; sourceTree = "<group>"; };
		326BA78AF83A4EFFF08105CE /* Pods-project2Tests.debug.xcconfig */ = {isa = PBXFileReference; includeInIndex = 1; lastKnownFileType = text.xcconfig; name = "Pods-project2Tests.debug.xcconfig"; path = "Pods/Target Support Files/Pods-project2Tests/Pods-project2Tests.debug.xcconfig"; sourceTree = "<group>"; };
		40021C4622A8F9E300796BC1 /* LoadView.swift */ = {isa = PBXFileReference; fileEncoding = 4; lastKnownFileType = sourcecode.swift; path = LoadView.swift; sourceTree = "<group>"; };
		406302F722369E88002BB8DE /* HomeTableViewCell.swift */ = {isa = PBXFileReference; lastKnownFileType = sourcecode.swift; path = HomeTableViewCell.swift; sourceTree = "<group>"; };
		406302F822369E88002BB8DE /* HomeTableViewCell.xib */ = {isa = PBXFileReference; lastKnownFileType = file.xib; path = HomeTableViewCell.xib; sourceTree = "<group>"; };
		406302FB2236A033002BB8DE /* HomeCollectionViewCell.swift */ = {isa = PBXFileReference; lastKnownFileType = sourcecode.swift; path = HomeCollectionViewCell.swift; sourceTree = "<group>"; };
		406302FC2236A033002BB8DE /* HomeCollectionViewCell.xib */ = {isa = PBXFileReference; lastKnownFileType = file.xib; path = HomeCollectionViewCell.xib; sourceTree = "<group>"; };
		406303002236A2FC002BB8DE /* ComicAPIManager.swift */ = {isa = PBXFileReference; lastKnownFileType = sourcecode.swift; path = ComicAPIManager.swift; sourceTree = "<group>"; };
		406303032236A3EC002BB8DE /* Constants.swift */ = {isa = PBXFileReference; lastKnownFileType = sourcecode.swift; path = Constants.swift; sourceTree = "<group>"; };
		406303062236A650002BB8DE /* HomeModel.swift */ = {isa = PBXFileReference; lastKnownFileType = sourcecode.swift; path = HomeModel.swift; sourceTree = "<group>"; };
		406B4A5B2236954600568555 /* project2.app */ = {isa = PBXFileReference; explicitFileType = wrapper.application; includeInIndex = 0; path = project2.app; sourceTree = BUILT_PRODUCTS_DIR; };
		406B4A5E2236954600568555 /* AppDelegate.swift */ = {isa = PBXFileReference; lastKnownFileType = sourcecode.swift; path = AppDelegate.swift; sourceTree = "<group>"; };
		406B4A602236954600568555 /* HomeViewController.swift */ = {isa = PBXFileReference; lastKnownFileType = sourcecode.swift; path = HomeViewController.swift; sourceTree = "<group>"; };
		406B4A682236954700568555 /* Base */ = {isa = PBXFileReference; lastKnownFileType = file.storyboard; name = Base; path = Base.lproj/LaunchScreen.storyboard; sourceTree = "<group>"; };
		406B4A6A2236954700568555 /* Info.plist */ = {isa = PBXFileReference; lastKnownFileType = text.plist.xml; path = Info.plist; sourceTree = "<group>"; };
		406B4A912236996C00568555 /* HomeView.xib */ = {isa = PBXFileReference; lastKnownFileType = file.xib; path = HomeView.xib; sourceTree = "<group>"; };
		406B4A9322369AFA00568555 /* SearchViewController.swift */ = {isa = PBXFileReference; lastKnownFileType = sourcecode.swift; path = SearchViewController.swift; sourceTree = "<group>"; };
		406B4A9422369AFA00568555 /* SearchView.xib */ = {isa = PBXFileReference; lastKnownFileType = file.xib; path = SearchView.xib; sourceTree = "<group>"; };
		BA80BE04A1912A9BECB53355 /* Pods-project2UITests.release.xcconfig */ = {isa = PBXFileReference; includeInIndex = 1; lastKnownFileType = text.xcconfig; name = "Pods-project2UITests.release.xcconfig"; path = "Pods/Target Support Files/Pods-project2UITests/Pods-project2UITests.release.xcconfig"; sourceTree = "<group>"; };
		C022A94D721AAB3C5B4C6BBA /* Pods-project2.release.xcconfig */ = {isa = PBXFileReference; includeInIndex = 1; lastKnownFileType = text.xcconfig; name = "Pods-project2.release.xcconfig"; path = "Pods/Target Support Files/Pods-project2/Pods-project2.release.xcconfig"; sourceTree = "<group>"; };
		CA5311B910552FBE623C64B8 /* Pods_project2.framework */ = {isa = PBXFileReference; explicitFileType = wrapper.framework; includeInIndex = 0; path = Pods_project2.framework; sourceTree = BUILT_PRODUCTS_DIR; };
		E4166CB9F09034B1E442D098 /* Pods-project2UITests.debug.xcconfig */ = {isa = PBXFileReference; includeInIndex = 1; lastKnownFileType = text.xcconfig; name = "Pods-project2UITests.debug.xcconfig"; path = "Pods/Target Support Files/Pods-project2UITests/Pods-project2UITests.debug.xcconfig"; sourceTree = "<group>"; };
		F53DB6EC4648846FED5CA26A /* Pods-project2.debug.xcconfig */ = {isa = PBXFileReference; includeInIndex = 1; lastKnownFileType = text.xcconfig; name = "Pods-project2.debug.xcconfig"; path = "Pods/Target Support Files/Pods-project2/Pods-project2.debug.xcconfig"; sourceTree = "<group>"; };
/* End PBXFileReference section */

/* Begin PBXFrameworksBuildPhase section */
		406B4A582236954600568555 /* Frameworks */ = {
			isa = PBXFrameworksBuildPhase;
			buildActionMask = 2147483647;
			files = (
				3D8E3B41A574F250B02CB6D7 /* Pods_project2.framework in Frameworks */,
			);
			runOnlyForDeploymentPostprocessing = 0;
		};
/* End PBXFrameworksBuildPhase section */

/* Begin PBXGroup section */
		10BAED93B52D0F75C14D4AC0 /* Frameworks */ = {
			isa = PBXGroup;
			children = (
				CA5311B910552FBE623C64B8 /* Pods_project2.framework */,
			);
			name = Frameworks;
			sourceTree = "<group>";
		};
		18B5349C22A8AACA004825BD /* Views2 */ = {
			isa = PBXGroup;
			children = (
				18B1649122A7B1940029683B /* ImgComicView.swift */,
				187A00C622AAC84E00E50904 /* ImgComicViewCell.swift */,
				18B1649B22A822840029683B /* HomeTBViewCell.swift */,
				18B1649522A7EA0D0029683B /* HomeCLViewCell.swift */,
				18CC108622A8F402006F58F0 /* ImgComicTBViewCell.swift */,
				18C6EBE722ABD0350031AFFE /* ComicView */,
			);
			path = Views2;
			sourceTree = "<group>";
		};
		18B5349D22A8AAE5004825BD /* Controllers2 */ = {
			isa = PBXGroup;
			children = (
				18BE73E922A94D6900097671 /* ComicViewController.swift */,
				18B1649722A817360029683B /* HomeViewController2.swift */,
				18CC108422A8F316006F58F0 /* LstComicTBViewController.swift */,
			);
			path = Controllers2;
			sourceTree = "<group>";
		};
		18C6EBE722ABD0350031AFFE /* ComicView */ = {
			isa = PBXGroup;
			children = (
				18C6EBE522ABABCF0031AFFE /* TopComicTBViewCell.swift */,
				18BE73EB22A9561A00097671 /* SummaryComicTBViewCell.swift */,
				18BE73ED22A95BDE00097671 /* InfoComicTBViewCell.swift */,
				18BE73EF22A962D500097671 /* LineInfoComicTBViewCell.swift */,
				187A00C222AA120A00E50904 /* ReviewTBViewCell.swift */,
			);
			path = ComicView;
			sourceTree = "<group>";
		};
		406302FF2236A2E9002BB8DE /* Models */ = {
			isa = PBXGroup;
			children = (
				406303062236A650002BB8DE /* HomeModel.swift */,
				18BE73F322A96D9800097671 /* LineInfoComicModel.swift */,
				1887FD88223BDFB200AA0282 /* InfoComicModel.swift */,
				18B5349E22A8B31A004825BD /* InfoComicModel2.swift */,
				18B73FE02249D5A000402EFD /* SearchModel.swift */,
				18910FF52241026700E913C1 /* IssueModel.swift */,
				186A0A4B225CD52A007711FA /* FavoriteComicModel.swift */,
				186A0A49225CB4B4007711FA /* SimilarComicModel.swift */,
				18B72800229C244F006A8B19 /* AccountModel.swift */,
				18B1648922A7737F0029683B /* FavoriteModel.swift */,
				18B1648B22A7739D0029683B /* RatingModel.swift */,
				18B1648D22A773B90029683B /* CommentModel.swift */,
				18B1648F22A78D340029683B /* ComicModel.swift */,
			);
			path = Models;
			sourceTree = "<group>";
		};
		406303022236A3D6002BB8DE /* Helpers */ = {
			isa = PBXGroup;
			children = (
				406303032236A3EC002BB8DE /* Constants.swift */,
				18B727FE229BCE9D006A8B19 /* BaseTxf.swift */,
				18B72802229C3163006A8B19 /* Gif-Swift.swift */,
				18B1648522A767300029683B /* BaseCLCell.swift */,
				18B1648722A767C10029683B /* BaseTBCell.swift */,
			);
			path = Helpers;
			sourceTree = "<group>";
		};
		406B4A522236954600568555 = {
			isa = PBXGroup;
			children = (
				406B4A5D2236954600568555 /* project2 */,
				406B4A5C2236954600568555 /* Products */,
				ACCC63EE8B575130A4CF5EC0 /* Pods */,
				10BAED93B52D0F75C14D4AC0 /* Frameworks */,
			);
			sourceTree = "<group>";
		};
		406B4A5C2236954600568555 /* Products */ = {
			isa = PBXGroup;
			children = (
				406B4A5B2236954600568555 /* project2.app */,
			);
			name = Products;
			sourceTree = "<group>";
		};
		406B4A5D2236954600568555 /* project2 */ = {
			isa = PBXGroup;
			children = (
				406B4A902236994200568555 /* Resources */,
				406B4A8E2236991D00568555 /* Classes */,
				406B4A5E2236954600568555 /* AppDelegate.swift */,
			);
			path = project2;
			sourceTree = "<group>";
		};
		406B4A8C2236990600568555 /* Controllers */ = {
			isa = PBXGroup;
			children = (
				18B20D60226C964900A38B1E /* ListVC.swift */,
				18B727FA229B9D48006A8B19 /* LoginViewController.swift */,
				18B72804229C4156006A8B19 /* SignupViewController.swift */,
				406B4A602236954600568555 /* HomeViewController.swift */,
				406B4A9322369AFA00568555 /* SearchViewController.swift */,
				18E4F116223CF82500604154 /* InfoViewController.swift */,
				18C85A70223E48FC00CF45AE /* IssueReading.swift */,
				1898ED5C2240980E001BA577 /* PageReadingViewController.swift */,
			);
			path = Controllers;
			sourceTree = "<group>";
		};
		406B4A8D2236991100568555 /* Views */ = {
			isa = PBXGroup;
			children = (
				40021C4622A8F9E300796BC1 /* LoadView.swift */,
				406B4A912236996C00568555 /* HomeView.xib */,
				406B4A9422369AFA00568555 /* SearchView.xib */,
				18E4F117223CF82500604154 /* InfoView.xib */,
				18EC39E82247A13B00E83E36 /* LoadView.xib */,
				1898ED5D2240980E001BA577 /* PageReadingView.xib */,
				406302F722369E88002BB8DE /* HomeTableViewCell.swift */,
				406302F822369E88002BB8DE /* HomeTableViewCell.xib */,
				406302FB2236A033002BB8DE /* HomeCollectionViewCell.swift */,
				406302FC2236A033002BB8DE /* HomeCollectionViewCell.xib */,
			);
			path = Views;
			sourceTree = "<group>";
		};
		406B4A8E2236991D00568555 /* Classes */ = {
			isa = PBXGroup;
			children = (
				18B5349C22A8AACA004825BD /* Views2 */,
				18B5349D22A8AAE5004825BD /* Controllers2 */,
				406303022236A3D6002BB8DE /* Helpers */,
				406302FF2236A2E9002BB8DE /* Models */,
				406B4A8D2236991100568555 /* Views */,
				406B4A8C2236990600568555 /* Controllers */,
				406B4A8F2236992A00568555 /* Services */,
			);
			path = Classes;
			sourceTree = "<group>";
		};
		406B4A8F2236992A00568555 /* Services */ = {
			isa = PBXGroup;
			children = (
				406303002236A2FC002BB8DE /* ComicAPIManager.swift */,
				18B534A022A8BC30004825BD /* RealmManager.swift */,
			);
			path = Services;
			sourceTree = "<group>";
		};
		406B4A902236994200568555 /* Resources */ = {
			isa = PBXGroup;
			children = (
				406B4A6A2236954700568555 /* Info.plist */,
				1842156D2289C80A00B17333 /* Assets.xcassets */,
				1842156B2289C00D00B17333 /* Logo2-178x170.png */,
				18B8D22C224870F800E3C886 /* superman.gif */,
				406B4A672236954700568555 /* LaunchScreen.storyboard */,
			);
			path = Resources;
			sourceTree = "<group>";
		};
		ACCC63EE8B575130A4CF5EC0 /* Pods */ = {
			isa = PBXGroup;
			children = (
				F53DB6EC4648846FED5CA26A /* Pods-project2.debug.xcconfig */,
				C022A94D721AAB3C5B4C6BBA /* Pods-project2.release.xcconfig */,
				326BA78AF83A4EFFF08105CE /* Pods-project2Tests.debug.xcconfig */,
				1470D02B2F4DC144DF4D9801 /* Pods-project2Tests.release.xcconfig */,
				E4166CB9F09034B1E442D098 /* Pods-project2UITests.debug.xcconfig */,
				BA80BE04A1912A9BECB53355 /* Pods-project2UITests.release.xcconfig */,
			);
			name = Pods;
			sourceTree = "<group>";
		};
/* End PBXGroup section */

/* Begin PBXNativeTarget section */
		406B4A5A2236954600568555 /* project2 */ = {
			isa = PBXNativeTarget;
			buildConfigurationList = 406B4A832236954700568555 /* Build configuration list for PBXNativeTarget "project2" */;
			buildPhases = (
				5A9B4BACD384B5A85989E61F /* [CP] Check Pods Manifest.lock */,
				406B4A572236954600568555 /* Sources */,
				406B4A582236954600568555 /* Frameworks */,
				406B4A592236954600568555 /* Resources */,
				67C9E6833543F20CF2B21FC4 /* [CP] Embed Pods Frameworks */,
			);
			buildRules = (
			);
			dependencies = (
			);
			name = project2;
			productName = project2;
			productReference = 406B4A5B2236954600568555 /* project2.app */;
			productType = "com.apple.product-type.application";
		};
/* End PBXNativeTarget section */

/* Begin PBXProject section */
		406B4A532236954600568555 /* Project object */ = {
			isa = PBXProject;
			attributes = {
				LastSwiftUpdateCheck = 1010;
				LastUpgradeCheck = 1010;
				ORGANIZATIONNAME = HoaPQ;
				TargetAttributes = {
					406B4A5A2236954600568555 = {
						CreatedOnToolsVersion = 10.1;
					};
				};
			};
			buildConfigurationList = 406B4A562236954600568555 /* Build configuration list for PBXProject "project2" */;
			compatibilityVersion = "Xcode 9.3";
			developmentRegion = en;
			hasScannedForEncodings = 0;
			knownRegions = (
				en,
				Base,
			);
			mainGroup = 406B4A522236954600568555;
			productRefGroup = 406B4A5C2236954600568555 /* Products */;
			projectDirPath = "";
			projectRoot = "";
			targets = (
				406B4A5A2236954600568555 /* project2 */,
			);
		};
/* End PBXProject section */

/* Begin PBXResourcesBuildPhase section */
		406B4A592236954600568555 /* Resources */ = {
			isa = PBXResourcesBuildPhase;
			buildActionMask = 2147483647;
			files = (
				18EC39E92247A13B00E83E36 /* LoadView.xib in Resources */,
				1898ED5F2240980E001BA577 /* PageReadingView.xib in Resources */,
				18E4F119223CF82500604154 /* InfoView.xib in Resources */,
				406B4A692236954700568555 /* LaunchScreen.storyboard in Resources */,
				406302FE2236A033002BB8DE /* HomeCollectionViewCell.xib in Resources */,
				1842156C2289C00D00B17333 /* Logo2-178x170.png in Resources */,
				406B4A9622369AFA00568555 /* SearchView.xib in Resources */,
				18B8D22D224870F900E3C886 /* superman.gif in Resources */,
				406302FA22369E88002BB8DE /* HomeTableViewCell.xib in Resources */,
				1842156E2289C80A00B17333 /* Assets.xcassets in Resources */,
				406B4A922236996C00568555 /* HomeView.xib in Resources */,
			);
			runOnlyForDeploymentPostprocessing = 0;
		};
/* End PBXResourcesBuildPhase section */

/* Begin PBXShellScriptBuildPhase section */
		5A9B4BACD384B5A85989E61F /* [CP] Check Pods Manifest.lock */ = {
			isa = PBXShellScriptBuildPhase;
			buildActionMask = 2147483647;
			files = (
			);
			inputPaths = (
				"${PODS_PODFILE_DIR_PATH}/Podfile.lock",
				"${PODS_ROOT}/Manifest.lock",
			);
			name = "[CP] Check Pods Manifest.lock";
			outputPaths = (
				"$(DERIVED_FILE_DIR)/Pods-project2-checkManifestLockResult.txt",
			);
			runOnlyForDeploymentPostprocessing = 0;
			shellPath = /bin/sh;
			shellScript = "diff \"${PODS_PODFILE_DIR_PATH}/Podfile.lock\" \"${PODS_ROOT}/Manifest.lock\" > /dev/null\nif [ $? != 0 ] ; then\n    # print error to STDERR\n    echo \"error: The sandbox is not in sync with the Podfile.lock. Run 'pod install' or update your CocoaPods installation.\" >&2\n    exit 1\nfi\n# This output is used by Xcode 'outputs' to avoid re-running this script phase.\necho \"SUCCESS\" > \"${SCRIPT_OUTPUT_FILE_0}\"\n";
			showEnvVarsInLog = 0;
		};
		67C9E6833543F20CF2B21FC4 /* [CP] Embed Pods Frameworks */ = {
			isa = PBXShellScriptBuildPhase;
			buildActionMask = 2147483647;
			files = (
			);
			inputPaths = (
				"${SRCROOT}/Pods/Target Support Files/Pods-project2/Pods-project2-frameworks.sh",
				"${BUILT_PRODUCTS_DIR}/Alamofire/Alamofire.framework",
				"${BUILT_PRODUCTS_DIR}/Cosmos/Cosmos.framework",
				"${BUILT_PRODUCTS_DIR}/IQKeyboardManagerSwift/IQKeyboardManagerSwift.framework",
				"${BUILT_PRODUCTS_DIR}/Kingfisher/Kingfisher.framework",
				"${BUILT_PRODUCTS_DIR}/Realm/Realm.framework",
				"${BUILT_PRODUCTS_DIR}/RealmSwift/RealmSwift.framework",
				"${BUILT_PRODUCTS_DIR}/SnapKit/SnapKit.framework",
				"${BUILT_PRODUCTS_DIR}/SwiftyJSON/SwiftyJSON.framework",
				"${BUILT_PRODUCTS_DIR}/iOSDropDown/iOSDropDown.framework",
			);
			name = "[CP] Embed Pods Frameworks";
			outputPaths = (
				"${TARGET_BUILD_DIR}/${FRAMEWORKS_FOLDER_PATH}/Alamofire.framework",
				"${TARGET_BUILD_DIR}/${FRAMEWORKS_FOLDER_PATH}/Cosmos.framework",
				"${TARGET_BUILD_DIR}/${FRAMEWORKS_FOLDER_PATH}/IQKeyboardManagerSwift.framework",
				"${TARGET_BUILD_DIR}/${FRAMEWORKS_FOLDER_PATH}/Kingfisher.framework",
				"${TARGET_BUILD_DIR}/${FRAMEWORKS_FOLDER_PATH}/Realm.framework",
				"${TARGET_BUILD_DIR}/${FRAMEWORKS_FOLDER_PATH}/RealmSwift.framework",
				"${TARGET_BUILD_DIR}/${FRAMEWORKS_FOLDER_PATH}/SnapKit.framework",
				"${TARGET_BUILD_DIR}/${FRAMEWORKS_FOLDER_PATH}/SwiftyJSON.framework",
				"${TARGET_BUILD_DIR}/${FRAMEWORKS_FOLDER_PATH}/iOSDropDown.framework",
			);
			runOnlyForDeploymentPostprocessing = 0;
			shellPath = /bin/sh;
			shellScript = "\"${SRCROOT}/Pods/Target Support Files/Pods-project2/Pods-project2-frameworks.sh\"\n";
			showEnvVarsInLog = 0;
		};
/* End PBXShellScriptBuildPhase section */

/* Begin PBXSourcesBuildPhase section */
		406B4A572236954600568555 /* Sources */ = {
			isa = PBXSourcesBuildPhase;
			buildActionMask = 2147483647;
			files = (
				18910FF62241026700E913C1 /* IssueModel.swift in Sources */,
				18BE73F122A962D500097671 /* LineInfoComicTBViewCell.swift in Sources */,
				406302FD2236A033002BB8DE /* HomeCollectionViewCell.swift in Sources */,
				18B1649222A7B1940029683B /* ImgComicView.swift in Sources */,
				406B4A9522369AFA00568555 /* SearchViewController.swift in Sources */,
				18B534A122A8BC30004825BD /* RealmManager.swift in Sources */,
				18B73FE12249D5A000402EFD /* SearchModel.swift in Sources */,
				406303012236A2FC002BB8DE /* ComicAPIManager.swift in Sources */,
				187A00C722AAC84E00E50904 /* ImgComicViewCell.swift in Sources */,
				18CC108722A8F402006F58F0 /* ImgComicTBViewCell.swift in Sources */,
				406B4A612236954600568555 /* HomeViewController.swift in Sources */,
				406303072236A650002BB8DE /* HomeModel.swift in Sources */,
				406303042236A3EC002BB8DE /* Constants.swift in Sources */,
				18BE73EE22A95BDE00097671 /* InfoComicTBViewCell.swift in Sources */,
				18B72801229C244F006A8B19 /* AccountModel.swift in Sources */,
				18B727FF229BCE9D006A8B19 /* BaseTxf.swift in Sources */,
				1887FD89223BDFB200AA0282 /* InfoComicModel.swift in Sources */,
				406302F922369E88002BB8DE /* HomeTableViewCell.swift in Sources */,
				18B1648C22A7739D0029683B /* RatingModel.swift in Sources */,
				187A00C422AA120A00E50904 /* ReviewTBViewCell.swift in Sources */,
				18C85A72223E48FC00CF45AE /* IssueReading.swift in Sources */,
				18E4F118223CF82500604154 /* InfoViewController.swift in Sources */,
				18B20D62226C964900A38B1E /* ListVC.swift in Sources */,
				40021C4722A8F9E300796BC1 /* LoadView.swift in Sources */,
				18B1649022A78D340029683B /* ComicModel.swift in Sources */,
				18BE73EA22A94D6900097671 /* ComicViewController.swift in Sources */,
				18B72803229C3163006A8B19 /* Gif-Swift.swift in Sources */,
				18B1648822A767C10029683B /* BaseTBCell.swift in Sources */,
				406B4A5F2236954600568555 /* AppDelegate.swift in Sources */,
				18B5349F22A8B31A004825BD /* InfoComicModel2.swift in Sources */,
				18B1649622A7EA0D0029683B /* HomeCLViewCell.swift in Sources */,
				186A0A4C225CD52A007711FA /* FavoriteComicModel.swift in Sources */,
				18BE73EC22A9561A00097671 /* SummaryComicTBViewCell.swift in Sources */,
				18B727FB229B9D48006A8B19 /* LoginViewController.swift in Sources */,
				1898ED5E2240980E001BA577 /* PageReadingViewController.swift in Sources */,
				18B1649D22A822840029683B /* HomeTBViewCell.swift in Sources */,
				18B1648622A767300029683B /* BaseCLCell.swift in Sources */,
				18B1648A22A7737F0029683B /* FavoriteModel.swift in Sources */,
				18B1648E22A773B90029683B /* CommentModel.swift in Sources */,
				18BE73F422A96D9800097671 /* LineInfoComicModel.swift in Sources */,
				18B72805229C4156006A8B19 /* SignupViewController.swift in Sources */,
				18C6EBE622ABABCF0031AFFE /* TopComicTBViewCell.swift in Sources */,
				18CC108522A8F316006F58F0 /* LstComicTBViewController.swift in Sources */,
				186A0A4A225CB4B4007711FA /* SimilarComicModel.swift in Sources */,
				18B1649822A817360029683B /* HomeViewController2.swift in Sources */,
			);
			runOnlyForDeploymentPostprocessing = 0;
		};
/* End PBXSourcesBuildPhase section */

/* Begin PBXVariantGroup section */
		406B4A672236954700568555 /* LaunchScreen.storyboard */ = {
			isa = PBXVariantGroup;
			children = (
				406B4A682236954700568555 /* Base */,
			);
			name = LaunchScreen.storyboard;
			sourceTree = "<group>";
		};
/* End PBXVariantGroup section */

/* Begin XCBuildConfiguration section */
		406B4A812236954700568555 /* Debug */ = {
			isa = XCBuildConfiguration;
			buildSettings = {
				ALWAYS_SEARCH_USER_PATHS = NO;
				CLANG_ANALYZER_NONNULL = YES;
				CLANG_ANALYZER_NUMBER_OBJECT_CONVERSION = YES_AGGRESSIVE;
				CLANG_CXX_LANGUAGE_STANDARD = "gnu++14";
				CLANG_CXX_LIBRARY = "libc++";
				CLANG_ENABLE_MODULES = YES;
				CLANG_ENABLE_OBJC_ARC = YES;
				CLANG_ENABLE_OBJC_WEAK = YES;
				CLANG_WARN_BLOCK_CAPTURE_AUTORELEASING = YES;
				CLANG_WARN_BOOL_CONVERSION = YES;
				CLANG_WARN_COMMA = YES;
				CLANG_WARN_CONSTANT_CONVERSION = YES;
				CLANG_WARN_DEPRECATED_OBJC_IMPLEMENTATIONS = YES;
				CLANG_WARN_DIRECT_OBJC_ISA_USAGE = YES_ERROR;
				CLANG_WARN_DOCUMENTATION_COMMENTS = YES;
				CLANG_WARN_EMPTY_BODY = YES;
				CLANG_WARN_ENUM_CONVERSION = YES;
				CLANG_WARN_INFINITE_RECURSION = YES;
				CLANG_WARN_INT_CONVERSION = YES;
				CLANG_WARN_NON_LITERAL_NULL_CONVERSION = YES;
				CLANG_WARN_OBJC_IMPLICIT_RETAIN_SELF = YES;
				CLANG_WARN_OBJC_LITERAL_CONVERSION = YES;
				CLANG_WARN_OBJC_ROOT_CLASS = YES_ERROR;
				CLANG_WARN_RANGE_LOOP_ANALYSIS = YES;
				CLANG_WARN_STRICT_PROTOTYPES = YES;
				CLANG_WARN_SUSPICIOUS_MOVE = YES;
				CLANG_WARN_UNGUARDED_AVAILABILITY = YES_AGGRESSIVE;
				CLANG_WARN_UNREACHABLE_CODE = YES;
				CLANG_WARN__DUPLICATE_METHOD_MATCH = YES;
				CODE_SIGN_IDENTITY = "iPhone Developer";
				COPY_PHASE_STRIP = NO;
				DEBUG_INFORMATION_FORMAT = dwarf;
				ENABLE_STRICT_OBJC_MSGSEND = YES;
				ENABLE_TESTABILITY = YES;
				GCC_C_LANGUAGE_STANDARD = gnu11;
				GCC_DYNAMIC_NO_PIC = NO;
				GCC_NO_COMMON_BLOCKS = YES;
				GCC_OPTIMIZATION_LEVEL = 0;
				GCC_PREPROCESSOR_DEFINITIONS = (
					"DEBUG=1",
					"$(inherited)",
				);
				GCC_WARN_64_TO_32_BIT_CONVERSION = YES;
				GCC_WARN_ABOUT_RETURN_TYPE = YES_ERROR;
				GCC_WARN_UNDECLARED_SELECTOR = YES;
				GCC_WARN_UNINITIALIZED_AUTOS = YES_AGGRESSIVE;
				GCC_WARN_UNUSED_FUNCTION = YES;
				GCC_WARN_UNUSED_VARIABLE = YES;
				IPHONEOS_DEPLOYMENT_TARGET = 12.1;
				MTL_ENABLE_DEBUG_INFO = INCLUDE_SOURCE;
				MTL_FAST_MATH = YES;
				ONLY_ACTIVE_ARCH = YES;
				SDKROOT = iphoneos;
				SWIFT_ACTIVE_COMPILATION_CONDITIONS = DEBUG;
				SWIFT_OPTIMIZATION_LEVEL = "-Onone";
			};
			name = Debug;
		};
		406B4A822236954700568555 /* Release */ = {
			isa = XCBuildConfiguration;
			buildSettings = {
				ALWAYS_SEARCH_USER_PATHS = NO;
				CLANG_ANALYZER_NONNULL = YES;
				CLANG_ANALYZER_NUMBER_OBJECT_CONVERSION = YES_AGGRESSIVE;
				CLANG_CXX_LANGUAGE_STANDARD = "gnu++14";
				CLANG_CXX_LIBRARY = "libc++";
				CLANG_ENABLE_MODULES = YES;
				CLANG_ENABLE_OBJC_ARC = YES;
				CLANG_ENABLE_OBJC_WEAK = YES;
				CLANG_WARN_BLOCK_CAPTURE_AUTORELEASING = YES;
				CLANG_WARN_BOOL_CONVERSION = YES;
				CLANG_WARN_COMMA = YES;
				CLANG_WARN_CONSTANT_CONVERSION = YES;
				CLANG_WARN_DEPRECATED_OBJC_IMPLEMENTATIONS = YES;
				CLANG_WARN_DIRECT_OBJC_ISA_USAGE = YES_ERROR;
				CLANG_WARN_DOCUMENTATION_COMMENTS = YES;
				CLANG_WARN_EMPTY_BODY = YES;
				CLANG_WARN_ENUM_CONVERSION = YES;
				CLANG_WARN_INFINITE_RECURSION = YES;
				CLANG_WARN_INT_CONVERSION = YES;
				CLANG_WARN_NON_LITERAL_NULL_CONVERSION = YES;
				CLANG_WARN_OBJC_IMPLICIT_RETAIN_SELF = YES;
				CLANG_WARN_OBJC_LITERAL_CONVERSION = YES;
				CLANG_WARN_OBJC_ROOT_CLASS = YES_ERROR;
				CLANG_WARN_RANGE_LOOP_ANALYSIS = YES;
				CLANG_WARN_STRICT_PROTOTYPES = YES;
				CLANG_WARN_SUSPICIOUS_MOVE = YES;
				CLANG_WARN_UNGUARDED_AVAILABILITY = YES_AGGRESSIVE;
				CLANG_WARN_UNREACHABLE_CODE = YES;
				CLANG_WARN__DUPLICATE_METHOD_MATCH = YES;
				CODE_SIGN_IDENTITY = "iPhone Developer";
				COPY_PHASE_STRIP = NO;
				DEBUG_INFORMATION_FORMAT = "dwarf-with-dsym";
				ENABLE_NS_ASSERTIONS = NO;
				ENABLE_STRICT_OBJC_MSGSEND = YES;
				GCC_C_LANGUAGE_STANDARD = gnu11;
				GCC_NO_COMMON_BLOCKS = YES;
				GCC_WARN_64_TO_32_BIT_CONVERSION = YES;
				GCC_WARN_ABOUT_RETURN_TYPE = YES_ERROR;
				GCC_WARN_UNDECLARED_SELECTOR = YES;
				GCC_WARN_UNINITIALIZED_AUTOS = YES_AGGRESSIVE;
				GCC_WARN_UNUSED_FUNCTION = YES;
				GCC_WARN_UNUSED_VARIABLE = YES;
				IPHONEOS_DEPLOYMENT_TARGET = 12.1;
				MTL_ENABLE_DEBUG_INFO = NO;
				MTL_FAST_MATH = YES;
				SDKROOT = iphoneos;
				SWIFT_COMPILATION_MODE = wholemodule;
				SWIFT_OPTIMIZATION_LEVEL = "-O";
				VALIDATE_PRODUCT = YES;
			};
			name = Release;
		};
		406B4A842236954700568555 /* Debug */ = {
			isa = XCBuildConfiguration;
			baseConfigurationReference = F53DB6EC4648846FED5CA26A /* Pods-project2.debug.xcconfig */;
			buildSettings = {
				ASSETCATALOG_COMPILER_APPICON_NAME = AppIcon;
				CODE_SIGN_IDENTITY = "iPhone Developer";
				CODE_SIGN_STYLE = Automatic;
				DEVELOPMENT_TEAM = "";
				INFOPLIST_FILE = "$(SRCROOT)/project2/Resources/Info.plist";
				LD_RUNPATH_SEARCH_PATHS = (
					"$(inherited)",
					"@executable_path/Frameworks",
				);
				PRODUCT_BUNDLE_IDENTIFIER = com.ESP.project2;
				PRODUCT_NAME = "$(TARGET_NAME)";
				PROVISIONING_PROFILE_SPECIFIER = "";
				SWIFT_VERSION = 4.2;
				TARGETED_DEVICE_FAMILY = "1,2";
			};
			name = Debug;
		};
		406B4A852236954700568555 /* Release */ = {
			isa = XCBuildConfiguration;
			baseConfigurationReference = C022A94D721AAB3C5B4C6BBA /* Pods-project2.release.xcconfig */;
			buildSettings = {
				ASSETCATALOG_COMPILER_APPICON_NAME = AppIcon;
				CODE_SIGN_IDENTITY = "iPhone Developer";
				CODE_SIGN_STYLE = Automatic;
				DEVELOPMENT_TEAM = "";
				INFOPLIST_FILE = "$(SRCROOT)/project2/Resources/Info.plist";
				LD_RUNPATH_SEARCH_PATHS = (
					"$(inherited)",
					"@executable_path/Frameworks",
				);
				PRODUCT_BUNDLE_IDENTIFIER = com.ESP.project2;
				PRODUCT_NAME = "$(TARGET_NAME)";
				PROVISIONING_PROFILE_SPECIFIER = "";
				SWIFT_VERSION = 4.2;
				TARGETED_DEVICE_FAMILY = "1,2";
			};
			name = Release;
		};
/* End XCBuildConfiguration section */

/* Begin XCConfigurationList section */
		406B4A562236954600568555 /* Build configuration list for PBXProject "project2" */ = {
			isa = XCConfigurationList;
			buildConfigurations = (
				406B4A812236954700568555 /* Debug */,
				406B4A822236954700568555 /* Release */,
			);
			defaultConfigurationIsVisible = 0;
			defaultConfigurationName = Release;
		};
		406B4A832236954700568555 /* Build configuration list for PBXNativeTarget "project2" */ = {
			isa = XCConfigurationList;
			buildConfigurations = (
				406B4A842236954700568555 /* Debug */,
				406B4A852236954700568555 /* Release */,
			);
			defaultConfigurationIsVisible = 0;
			defaultConfigurationName = Release;
		};
/* End XCConfigurationList section */
	};
	rootObject = 406B4A532236954600568555 /* Project object */;
}
